// !$*UTF8*$!
{
	archiveVersion = 1;
	classes = {
	};
	objectVersion = 50;
	objects = {

/* Begin PBXBuildFile section */
		8D88557D23FBA20F00644EC2 /* OnboardingItem.swift in Sources */ = {isa = PBXBuildFile; fileRef = 8D88557C23FBA20F00644EC2 /* OnboardingItem.swift */; };
		8DE64C3A23EF6CA3006888DB /* AppDelegate.swift in Sources */ = {isa = PBXBuildFile; fileRef = 8DE64C3923EF6CA3006888DB /* AppDelegate.swift */; };
		8DE64C3C23EF6CA3006888DB /* SceneDelegate.swift in Sources */ = {isa = PBXBuildFile; fileRef = 8DE64C3B23EF6CA3006888DB /* SceneDelegate.swift */; };
		8DE64C3E23EF6CA3006888DB /* OnboardingViewController.swift in Sources */ = {isa = PBXBuildFile; fileRef = 8DE64C3D23EF6CA3006888DB /* OnboardingViewController.swift */; };
		8DE64C4123EF6CA3006888DB /* Main.storyboard in Resources */ = {isa = PBXBuildFile; fileRef = 8DE64C3F23EF6CA3006888DB /* Main.storyboard */; };
		8DE64C4323EF6CA4006888DB /* Assets.xcassets in Resources */ = {isa = PBXBuildFile; fileRef = 8DE64C4223EF6CA4006888DB /* Assets.xcassets */; };
		8DE64C4623EF6CA4006888DB /* LaunchScreen.storyboard in Resources */ = {isa = PBXBuildFile; fileRef = 8DE64C4423EF6CA4006888DB /* LaunchScreen.storyboard */; };
/* End PBXBuildFile section */

/* Begin PBXFileReference section */
		8D88557C23FBA20F00644EC2 /* OnboardingItem.swift */ = {isa = PBXFileReference; lastKnownFileType = sourcecode.swift; path = OnboardingItem.swift; sourceTree = "<group>"; };
		8DE64C3623EF6CA3006888DB /* onboarding-travel-app.app */ = {isa = PBXFileReference; explicitFileType = wrapper.application; includeInIndex = 0; path = "onboarding-travel-app.app"; sourceTree = BUILT_PRODUCTS_DIR; };
		8DE64C3923EF6CA3006888DB /* AppDelegate.swift */ = {isa = PBXFileReference; lastKnownFileType = sourcecode.swift; path = AppDelegate.swift; sourceTree = "<group>"; };
		8DE64C3B23EF6CA3006888DB /* SceneDelegate.swift */ = {isa = PBXFileReference; lastKnownFileType = sourcecode.swift; path = SceneDelegate.swift; sourceTree = "<group>"; };
		8DE64C3D23EF6CA3006888DB /* OnboardingViewController.swift */ = {isa = PBXFileReference; lastKnownFileType = sourcecode.swift; path = OnboardingViewController.swift; sourceTree = "<group>"; };
		8DE64C4023EF6CA3006888DB /* Base */ = {isa = PBXFileReference; lastKnownFileType = file.storyboard; name = Base; path = Base.lproj/Main.storyboard; sourceTree = "<group>"; };
		8DE64C4223EF6CA4006888DB /* Assets.xcassets */ = {isa = PBXFileReference; lastKnownFileType = folder.assetcatalog; path = Assets.xcassets; sourceTree = "<group>"; };
		8DE64C4523EF6CA4006888DB /* Base */ = {isa = PBXFileReference; lastKnownFileType = file.storyboard; name = Base; path = Base.lproj/LaunchScreen.storyboard; sourceTree = "<group>"; };
		8DE64C4723EF6CA4006888DB /* Info.plist */ = {isa = PBXFileReference; lastKnownFileType = text.plist.xml; path = Info.plist; sourceTree = "<group>"; };
/* End PBXFileReference section */

/* Begin PBXFrameworksBuildPhase section */
		8DE64C3323EF6CA3006888DB /* Frameworks */ = {
			isa = PBXFrameworksBuildPhase;
			buildActionMask = 2147483647;
			files = (
			);
			runOnlyForDeploymentPostprocessing = 0;
		};
/* End PBXFrameworksBuildPhase section */

/* Begin PBXGroup section */
		8D88557B23FBA20200644EC2 /* model */ = {
			isa = PBXGroup;
			children = (
				8D88557C23FBA20F00644EC2 /* OnboardingItem.swift */,
			);
			path = model;
			sourceTree = "<group>";
		};
		8D88557E23FBA26100644EC2 /* controller */ = {
			isa = PBXGroup;
			children = (
				8DE64C3D23EF6CA3006888DB /* OnboardingViewController.swift */,
			);
			path = controller;
			sourceTree = "<group>";
		};
		8DE64C2D23EF6CA3006888DB = {
			isa = PBXGroup;
			children = (
				8DE64C3823EF6CA3006888DB /* onboarding-travel-app */,
				8DE64C3723EF6CA3006888DB /* Products */,
			);
			sourceTree = "<group>";
		};
		8DE64C3723EF6CA3006888DB /* Products */ = {
			isa = PBXGroup;
			children = (
				8DE64C3623EF6CA3006888DB /* onboarding-travel-app.app */,
			);
			name = Products;
			sourceTree = "<group>";
		};
		8DE64C3823EF6CA3006888DB /* onboarding-travel-app */ = {
			isa = PBXGroup;
			children = (
				8D88557E23FBA26100644EC2 /* controller */,
				8D88557B23FBA20200644EC2 /* model */,
				8DE64C3923EF6CA3006888DB /* AppDelegate.swift */,
				8DE64C3B23EF6CA3006888DB /* SceneDelegate.swift */,
				8DE64C3F23EF6CA3006888DB /* Main.storyboard */,
				8DE64C4223EF6CA4006888DB /* Assets.xcassets */,
				8DE64C4423EF6CA4006888DB /* LaunchScreen.storyboard */,
				8DE64C4723EF6CA4006888DB /* Info.plist */,
			);
			path = "onboarding-travel-app";
			sourceTree = "<group>";
		};
/* End PBXGroup section */

/* Begin PBXNativeTarget section */
		8DE64C3523EF6CA3006888DB /* onboarding-travel-app */ = {
			isa = PBXNativeTarget;
			buildConfigurationList = 8DE64C4A23EF6CA4006888DB /* Build configuration list for PBXNativeTarget "onboarding-travel-app" */;
			buildPhases = (
				8DE64C3223EF6CA3006888DB /* Sources */,
				8DE64C3323EF6CA3006888DB /* Frameworks */,
				8DE64C3423EF6CA3006888DB /* Resources */,
			);
			buildRules = (
			);
			dependencies = (
			);
			name = "onboarding-travel-app";
			productName = "onboarding-travel-app";
			productReference = 8DE64C3623EF6CA3006888DB /* onboarding-travel-app.app */;
			productType = "com.apple.product-type.application";
		};
/* End PBXNativeTarget section */

/* Begin PBXProject section */
		8DE64C2E23EF6CA3006888DB /* Project object */ = {
			isa = PBXProject;
			attributes = {
				LastSwiftUpdateCheck = 1130;
				LastUpgradeCheck = 1130;
				ORGANIZATIONNAME = "Kelvin Fok";
				TargetAttributes = {
					8DE64C3523EF6CA3006888DB = {
						CreatedOnToolsVersion = 11.3.1;
					};
				};
			};
			buildConfigurationList = 8DE64C3123EF6CA3006888DB /* Build configuration list for PBXProject "onboarding-travel-app" */;
			compatibilityVersion = "Xcode 9.3";
			developmentRegion = en;
			hasScannedForEncodings = 0;
			knownRegions = (
				en,
				Base,
			);
			mainGroup = 8DE64C2D23EF6CA3006888DB;
			productRefGroup = 8DE64C3723EF6CA3006888DB /* Products */;
			projectDirPath = "";
			projectRoot = "";
			targets = (
				8DE64C3523EF6CA3006888DB /* onboarding-travel-app */,
			);
		};
/* End PBXProject section */

/* Begin PBXResourcesBuildPhase section */
		8DE64C3423EF6CA3006888DB /* Resources */ = {
			isa = PBXResourcesBuildPhase;
			buildActionMask = 2147483647;
			files = (
				8DE64C4623EF6CA4006888DB /* LaunchScreen.storyboard in Resources */,
				8DE64C4323EF6CA4006888DB /* Assets.xcassets in Resources */,
				8DE64C4123EF6CA3006888DB /* Main.storyboard in Resources */,
			);
			runOnlyForDeploymentPostprocessing = 0;
		};
/* End PBXResourcesBuildPhase section */

/* Begin PBXSourcesBuildPhase section */
		8DE64C3223EF6CA3006888DB /* Sources */ = {
			isa = PBXSourcesBuildPhase;
			buildActionMask = 2147483647;
			files = (
				8DE64C3E23EF6CA3006888DB /* OnboardingViewController.swift in Sources */,
				8D88557D23FBA20F00644EC2 /* OnboardingItem.swift in Sources */,
				8DE64C3A23EF6CA3006888DB /* AppDelegate.swift in Sources */,
				8DE64C3C23EF6CA3006888DB /* SceneDelegate.swift in Sources */,
			);
			runOnlyForDeploymentPostprocessing = 0;
		};
/* End PBXSourcesBuildPhase section */

/* Begin PBXVariantGroup section */
		8DE64C3F23EF6CA3006888DB /* Main.storyboard */ = {
			isa = PBXVariantGroup;
			children = (
				8DE64C4023EF6CA3006888DB /* Base */,
			);
			name = Main.storyboard;
			sourceTree = "<group>";
		};
		8DE64C4423EF6CA4006888DB /* LaunchScreen.storyboard */ = {
			isa = PBXVariantGroup;
			children = (
				8DE64C4523EF6CA4006888DB /* Base */,
			);
			name = LaunchScreen.storyboard;
			sourceTree = "<group>";
		};
/* End PBXVariantGroup section */

/* Begin XCBuildConfiguration section */
		8DE64C4823EF6CA4006888DB /* Debug */ = {
			isa = XCBuildConfiguration;
			buildSettings = {
				ALWAYS_SEARCH_USER_PATHS = NO;
				CLANG_ANALYZER_NONNULL = YES;
				CLANG_ANALYZER_NUMBER_OBJECT_CONVERSION = YES_AGGRESSIVE;
				CLANG_CXX_LANGUAGE_STANDARD = "gnu++14";
				CLANG_CXX_LIBRARY = "libc++";
				CLANG_ENABLE_MODULES = YES;
				CLANG_ENABLE_OBJC_ARC = YES;
				CLANG_ENABLE_OBJC_WEAK = YES;
				CLANG_WARN_BLOCK_CAPTURE_AUTORELEASING = YES;
				CLANG_WARN_BOOL_CONVERSION = YES;
				CLANG_WARN_COMMA = YES;
				CLANG_WARN_CONSTANT_CONVERSION = YES;
				CLANG_WARN_DEPRECATED_OBJC_IMPLEMENTATIONS = YES;
				CLANG_WARN_DIRECT_OBJC_ISA_USAGE = YES_ERROR;
				CLANG_WARN_DOCUMENTATION_COMMENTS = YES;
				CLANG_WARN_EMPTY_BODY = YES;
				CLANG_WARN_ENUM_CONVERSION = YES;
				CLANG_WARN_INFINITE_RECURSION = YES;
				CLANG_WARN_INT_CONVERSION = YES;
				CLANG_WARN_NON_LITERAL_NULL_CONVERSION = YES;
				CLANG_WARN_OBJC_IMPLICIT_RETAIN_SELF = YES;
				CLANG_WARN_OBJC_LITERAL_CONVERSION = YES;
				CLANG_WARN_OBJC_ROOT_CLASS = YES_ERROR;
				CLANG_WARN_RANGE_LOOP_ANALYSIS = YES;
				CLANG_WARN_STRICT_PROTOTYPES = YES;
				CLANG_WARN_SUSPICIOUS_MOVE = YES;
				CLANG_WARN_UNGUARDED_AVAILABILITY = YES_AGGRESSIVE;
				CLANG_WARN_UNREACHABLE_CODE = YES;
				CLANG_WARN__DUPLICATE_METHOD_MATCH = YES;
				COPY_PHASE_STRIP = NO;
				DEBUG_INFORMATION_FORMAT = dwarf;
				ENABLE_STRICT_OBJC_MSGSEND = YES;
				ENABLE_TESTABILITY = YES;
				GCC_C_LANGUAGE_STANDARD = gnu11;
				GCC_DYNAMIC_NO_PIC = NO;
				GCC_NO_COMMON_BLOCKS = YES;
				GCC_OPTIMIZATION_LEVEL = 0;
				GCC_PREPROCESSOR_DEFINITIONS = (
					"DEBUG=1",
					"$(inherited)",
				);
				GCC_WARN_64_TO_32_BIT_CONVERSION = YES;
				GCC_WARN_ABOUT_RETURN_TYPE = YES_ERROR;
				GCC_WARN_UNDECLARED_SELECTOR = YES;
				GCC_WARN_UNINITIALIZED_AUTOS = YES_AGGRESSIVE;
				GCC_WARN_UNUSED_FUNCTION = YES;
				GCC_WARN_UNUSED_VARIABLE = YES;
				IPHONEOS_DEPLOYMENT_TARGET = 13.2;
				MTL_ENABLE_DEBUG_INFO = INCLUDE_SOURCE;
				MTL_FAST_MATH = YES;
				ONLY_ACTIVE_ARCH = YES;
				SDKROOT = iphoneos;
				SWIFT_ACTIVE_COMPILATION_CONDITIONS = DEBUG;
				SWIFT_OPTIMIZATION_LEVEL = "-Onone";
			};
			name = Debug;
		};
		8DE64C4923EF6CA4006888DB /* Release */ = {
			isa = XCBuildConfiguration;
			buildSettings = {
				ALWAYS_SEARCH_USER_PATHS = NO;
				CLANG_ANALYZER_NONNULL = YES;
				CLANG_ANALYZER_NUMBER_OBJECT_CONVERSION = YES_AGGRESSIVE;
				CLANG_CXX_LANGUAGE_STANDARD = "gnu++14";
				CLANG_CXX_LIBRARY = "libc++";
				CLANG_ENABLE_MODULES = YES;
				CLANG_ENABLE_OBJC_ARC = YES;
				CLANG_ENABLE_OBJC_WEAK = YES;
				CLANG_WARN_BLOCK_CAPTURE_AUTORELEASING = YES;
				CLANG_WARN_BOOL_CONVERSION = YES;
				CLANG_WARN_COMMA = YES;
				CLANG_WARN_CONSTANT_CONVERSION = YES;
				CLANG_WARN_DEPRECATED_OBJC_IMPLEMENTATIONS = YES;
				CLANG_WARN_DIRECT_OBJC_ISA_USAGE = YES_ERROR;
				CLANG_WARN_DOCUMENTATION_COMMENTS = YES;
				CLANG_WARN_EMPTY_BODY = YES;
				CLANG_WARN_ENUM_CONVERSION = YES;
				CLANG_WARN_INFINITE_RECURSION = YES;
				CLANG_WARN_INT_CONVERSION = YES;
				CLANG_WARN_NON_LITERAL_NULL_CONVERSION = YES;
				CLANG_WARN_OBJC_IMPLICIT_RETAIN_SELF = YES;
				CLANG_WARN_OBJC_LITERAL_CONVERSION = YES;
				CLANG_WARN_OBJC_ROOT_CLASS = YES_ERROR;
				CLANG_WARN_RANGE_LOOP_ANALYSIS = YES;
				CLANG_WARN_STRICT_PROTOTYPES = YES;
				CLANG_WARN_SUSPICIOUS_MOVE = YES;
				CLANG_WARN_UNGUARDED_AVAILABILITY = YES_AGGRESSIVE;
				CLANG_WARN_UNREACHABLE_CODE = YES;
				CLANG_WARN__DUPLICATE_METHOD_MATCH = YES;
				COPY_PHASE_STRIP = NO;
				DEBUG_INFORMATION_FORMAT = "dwarf-with-dsym";
				ENABLE_NS_ASSERTIONS = NO;
				ENABLE_STRICT_OBJC_MSGSEND = YES;
				GCC_C_LANGUAGE_STANDARD = gnu11;
				GCC_NO_COMMON_BLOCKS = YES;
				GCC_WARN_64_TO_32_BIT_CONVERSION = YES;
				GCC_WARN_ABOUT_RETURN_TYPE = YES_ERROR;
				GCC_WARN_UNDECLARED_SELECTOR = YES;
				GCC_WARN_UNINITIALIZED_AUTOS = YES_AGGRESSIVE;
				GCC_WARN_UNUSED_FUNCTION = YES;
				GCC_WARN_UNUSED_VARIABLE = YES;
				IPHONEOS_DEPLOYMENT_TARGET = 13.2;
				MTL_ENABLE_DEBUG_INFO = NO;
				MTL_FAST_MATH = YES;
				SDKROOT = iphoneos;
				SWIFT_COMPILATION_MODE = wholemodule;
				SWIFT_OPTIMIZATION_LEVEL = "-O";
				VALIDATE_PRODUCT = YES;
			};
			name = Release;
		};
		8DE64C4B23EF6CA4006888DB /* Debug */ = {
			isa = XCBuildConfiguration;
			buildSettings = {
				ASSETCATALOG_COMPILER_APPICON_NAME = AppIcon;
				CODE_SIGN_STYLE = Automatic;
				INFOPLIST_FILE = "onboarding-travel-app/Info.plist";
				LD_RUNPATH_SEARCH_PATHS = (
					"$(inherited)",
					"@executable_path/Frameworks",
				);
				PRODUCT_BUNDLE_IDENTIFIER = "com.kelvinfok.onboarding-travel-app";
				PRODUCT_NAME = "$(TARGET_NAME)";
				SWIFT_VERSION = 5.0;
				TARGETED_DEVICE_FAMILY = "1,2";
			};
			name = Debug;
		};
		8DE64C4C23EF6CA4006888DB /* Release */ = {
			isa = XCBuildConfiguration;
			buildSettings = {
				ASSETCATALOG_COMPILER_APPICON_NAME = AppIcon;
				CODE_SIGN_STYLE = Automatic;
				INFOPLIST_FILE = "onboarding-travel-app/Info.plist";
				LD_RUNPATH_SEARCH_PATHS = (
					"$(inherited)",
					"@executable_path/Frameworks",
				);
				PRODUCT_BUNDLE_IDENTIFIER = "com.kelvinfok.onboarding-travel-app";
				PRODUCT_NAME = "$(TARGET_NAME)";
				SWIFT_VERSION = 5.0;
				TARGETED_DEVICE_FAMILY = "1,2";
			};
			name = Release;
		};
/* End XCBuildConfiguration section */

/* Begin XCConfigurationList section */
		8DE64C3123EF6CA3006888DB /* Build configuration list for PBXProject "onboarding-travel-app" */ = {
			isa = XCConfigurationList;
			buildConfigurations = (
				8DE64C4823EF6CA4006888DB /* Debug */,
				8DE64C4923EF6CA4006888DB /* Release */,
			);
			defaultConfigurationIsVisible = 0;
			defaultConfigurationName = Release;
		};
		8DE64C4A23EF6CA4006888DB /* Build configuration list for PBXNativeTarget "onboarding-travel-app" */ = {
			isa = XCConfigurationList;
			buildConfigurations = (
				8DE64C4B23EF6CA4006888DB /* Debug */,
				8DE64C4C23EF6CA4006888DB /* Release */,
			);
			defaultConfigurationIsVisible = 0;
			defaultConfigurationName = Release;
		};
/* End XCConfigurationList section */
	};
	rootObject = 8DE64C2E23EF6CA3006888DB /* Project object */;
}
